
Microsoft Visual Studio Solution File, Format Version 12.00
# Visual Studio Version 17
VisualStudioVersion = 17.14.36518.9 d17.14
MinimumVisualStudioVersion = 10.0.40219.1
Project("{FAE04EC0-301F-11D3-BF4B-00C04F79EFBC}") = "SN7S", "SN7S\SN7S.csproj", "{69B308CA-2345-4BC6-9CD8-202E82F81C34}"
EndProject
Project("{FAE04EC0-301F-11D3-BF4B-00C04F79EFBC}") = "SN7S.Core", "SN7S.Core\SN7S.Core.csproj", "{54ACBC2B-F050-46DF-9DF5-8D7B5BCE81F8}"
EndProject
Global
	GlobalSection(SolutionConfigurationPlatforms) = preSolution
		Debug|Any CPU = Debug|Any CPU
		Release|Any CPU = Release|Any CPU
	EndGlobalSection
	GlobalSection(ProjectConfigurationPlatforms) = postSolution
		{69B308CA-2345-4BC6-9CD8-202E82F81C34}.Debug|Any CPU.ActiveCfg = Debug|Any CPU
		{69B308CA-2345-4BC6-9CD8-202E82F81C34}.Debug|Any CPU.Build.0 = Debug|Any CPU
		{69B308CA-2345-4BC6-9CD8-202E82F81C34}.Release|Any CPU.ActiveCfg = Release|Any CPU
		{69B308CA-2345-4BC6-9CD8-202E82F81C34}.Release|Any CPU.Build.0 = Release|Any CPU
		{54ACBC2B-F050-46DF-9DF5-8D7B5BCE81F8}.Debug|Any CPU.ActiveCfg = Debug|Any CPU
		{54ACBC2B-F050-46DF-9DF5-8D7B5BCE81F8}.Debug|Any CPU.Build.0 = Debug|Any CPU
		{54ACBC2B-F050-46DF-9DF5-8D7B5BCE81F8}.Release|Any CPU.ActiveCfg = Release|Any CPU
		{54ACBC2B-F050-46DF-9DF5-8D7B5BCE81F8}.Release|Any CPU.Build.0 = Release|Any CPU
	EndGlobalSection
	GlobalSection(SolutionProperties) = preSolution
		HideSolutionNode = FALSE
	EndGlobalSection
	GlobalSection(ExtensibilityGlobals) = postSolution
		SolutionGuid = {78DD97F6-97A2-41B3-8D93-3FA1FA821C8E}
	EndGlobalSection
EndGlobal
